<?xml version="1.0" encoding="utf-8"?>
<Project ToolsVersion="4.0" xmlns="http://schemas.microsoft.com/developer/msbuild/2003">
  <ItemGroup>
    <ClCompile Include="SERVER.cpp" />
    <ClCompile Include="src\CollisionSystem\BoxCollider.cpp">
      <Filter>CollisionSystem</Filter>
    </ClCompile>
    <ClCompile Include="src\CollisionSystem\Collider.cpp">
      <Filter>CollisionSystem</Filter>
    </ClCompile>
    <ClCompile Include="src\CollisionSystem\IsoTileCollider.cpp">
      <Filter>CollisionSystem</Filter>
    </ClCompile>
    <ClCompile Include="src\CollisionSystem\Physics.cpp">
      <Filter>CollisionSystem</Filter>
    </ClCompile>
    <ClCompile Include="src\CollisionSystem\util.cpp">
      <Filter>CollisionSystem</Filter>
    </ClCompile>
    <ClCompile Include="src\core\GameServer.cpp">
      <Filter>core</Filter>
    </ClCompile>
  </ItemGroup>
  <ItemGroup>
    <Filter Include="assets">
      <UniqueIdentifier>{392cb521-1772-4c68-832f-848a3dbf37f3}</UniqueIdentifier>
    </Filter>
    <Filter Include="assets\font">
      <UniqueIdentifier>{718ca152-2f1f-4ca9-915f-e394271aabd3}</UniqueIdentifier>
    </Filter>
    <Filter Include="assets\textures">
      <UniqueIdentifier>{db175cef-ea53-491f-b96a-9118b4ee205d}</UniqueIdentifier>
    </Filter>
    <Filter Include="CollisionSystem">
      <UniqueIdentifier>{d2a5bc36-1305-4a84-8886-913e71be4b56}</UniqueIdentifier>
    </Filter>
    <Filter Include="core">
      <UniqueIdentifier>{299208ef-e655-4fbd-bb11-f3649c46d44e}</UniqueIdentifier>
    </Filter>
  </ItemGroup>
  <ItemGroup>
    <Font Include="assets\font\Crusty.ttf">
      <Filter>assets\font</Filter>
    </Font>
    <Font Include="assets\font\font1.otf">
      <Filter>assets\font</Filter>
    </Font>
    <Font Include="assets\font\font1.ttf">
      <Filter>assets\font</Filter>
    </Font>
  </ItemGroup>
  <ItemGroup>
    <Image Include="assets\textures\isometric_demo.png">
      <Filter>assets\textures</Filter>
    </Image>
  </ItemGroup>
  <ItemGroup>
    <ClInclude Include="src\CollisionSystem\BoxCollider.h">
      <Filter>CollisionSystem</Filter>
    </ClInclude>
    <ClInclude Include="src\CollisionSystem\Collider.h">
      <Filter>CollisionSystem</Filter>
    </ClInclude>
    <ClInclude Include="src\CollisionSystem\Colliders.h">
      <Filter>CollisionSystem</Filter>
    </ClInclude>
    <ClInclude Include="src\CollisionSystem\IsoTileCollider.h">
      <Filter>CollisionSystem</Filter>
    </ClInclude>
    <ClInclude Include="src\CollisionSystem\Physics.h">
      <Filter>CollisionSystem</Filter>
    </ClInclude>
    <ClInclude Include="src\CollisionSystem\util.h">
      <Filter>CollisionSystem</Filter>
    </ClInclude>
    <ClInclude Include="src\core\GameServer.h">
      <Filter>core</Filter>
    </ClInclude>
  </ItemGroup>
</Project>