<?xml version="1.0" encoding="utf-8"?>
<Project ToolsVersion="4.0" xmlns="http://schemas.microsoft.com/developer/msbuild/2003">
  <ItemGroup>
    <Filter Include="Source Files">
      <UniqueIdentifier>{4FC737F1-C7A5-4376-A066-2A32D752A2FF}</UniqueIdentifier>
      <Extensions>cpp;c;cc;cxx;c++;cppm;ixx;def;odl;idl;hpj;bat;asm;asmx</Extensions>
    </Filter>
    <Filter Include="Header Files">
      <UniqueIdentifier>{93995380-89BD-4b04-88EB-625FBE52EBFB}</UniqueIdentifier>
      <Extensions>h;hh;hpp;hxx;h++;hm;inl;inc;ipp;xsd</Extensions>
    </Filter>
    <Filter Include="Resource Files">
      <UniqueIdentifier>{67DA6AB6-F800-4c08-8B7A-83BB121AAD01}</UniqueIdentifier>
      <Extensions>rc;ico;cur;bmp;dlg;rc2;rct;bin;rgs;gif;jpg;jpeg;jpe;resx;tiff;tif;png;wav;mfcribbon-ms</Extensions>
    </Filter>
    <Filter Include="assets">
      <UniqueIdentifier>{5f1115d5-e5dc-425f-b674-510c0582d1eb}</UniqueIdentifier>
    </Filter>
    <Filter Include="assets\textures">
      <UniqueIdentifier>{f1105573-48b9-4522-8bf7-e8359ed6f105}</UniqueIdentifier>
    </Filter>
    <Filter Include="assets\font">
      <UniqueIdentifier>{f8d1399f-ee9d-411b-9092-e384cc373bff}</UniqueIdentifier>
    </Filter>
    <Filter Include="assets\sounds">
      <UniqueIdentifier>{ad77d145-ce74-4e38-a964-4a851844d8be}</UniqueIdentifier>
    </Filter>
    <Filter Include="assets\areas">
      <UniqueIdentifier>{2ebc5d1d-3a1f-4828-bbf4-ffc75412fdac}</UniqueIdentifier>
    </Filter>
    <Filter Include="assets\tilesets">
      <UniqueIdentifier>{ebe39531-9f33-4b18-9b78-0fab02ef65de}</UniqueIdentifier>
    </Filter>
    <Filter Include="Source Files\core">
      <UniqueIdentifier>{633506f6-a99a-4df8-9160-fa37d70813d5}</UniqueIdentifier>
    </Filter>
    <Filter Include="Source Files\world">
      <UniqueIdentifier>{14ea449e-cb03-4c04-a81b-61e3f95214e1}</UniqueIdentifier>
    </Filter>
    <Filter Include="Source Files\drawobjects">
      <UniqueIdentifier>{cd1df2c9-207c-4db4-ac32-3dc397bff366}</UniqueIdentifier>
    </Filter>
  </ItemGroup>
  <ItemGroup>
    <ClCompile Include="main.cpp">
      <Filter>Source Files</Filter>
    </ClCompile>
    <ClCompile Include="core\Renderer.cpp">
      <Filter>Source Files\core</Filter>
    </ClCompile>
    <ClCompile Include="core\client.cpp">
      <Filter>Source Files\core</Filter>
    </ClCompile>
    <ClCompile Include="world\Map.cpp">
      <Filter>Source Files\world</Filter>
    </ClCompile>
    <ClCompile Include="world\MapMgr.cpp">
      <Filter>Source Files\world</Filter>
    </ClCompile>
    <ClCompile Include="world\Tile.cpp">
      <Filter>Source Files\world</Filter>
    </ClCompile>
    <ClCompile Include="world\Tileset.cpp">
      <Filter>Source Files\world</Filter>
    </ClCompile>
    <ClCompile Include="draw_objects\PlayerDraw.cpp">
      <Filter>Source Files\drawobjects</Filter>
    </ClCompile>
    <ClCompile Include="core\Game.cpp">
      <Filter>Source Files\core</Filter>
    </ClCompile>
  </ItemGroup>
  <ItemGroup>
    <Image Include="assets\textures\isometric_demo.png">
      <Filter>assets\textures</Filter>
    </Image>
    <Image Include="assets\textures\isoTileset2.png">
      <Filter>assets\textures</Filter>
    </Image>
    <Image Include="assets\textures\blocksTileSheet.png">
      <Filter>assets\textures</Filter>
    </Image>
    <Image Include="assets\textures\Eskibro.jpg">
      <Filter>assets\textures</Filter>
    </Image>
    <Image Include="assets\textures\idle_sheet.png">
      <Filter>assets\textures</Filter>
    </Image>
    <Image Include="assets\textures\run_sheet.png">
      <Filter>assets\textures</Filter>
    </Image>
    <Image Include="assets\textures\kittyLogo.png">
      <Filter>assets\textures</Filter>
    </Image>
    <Image Include="assets\textures\attack_sheet.png">
      <Filter>assets\textures</Filter>
    </Image>
    <Image Include="assets\textures\blocksTileSheet128x128.png">
      <Filter>assets\textures</Filter>
    </Image>
  </ItemGroup>
  <ItemGroup>
    <Font Include="assets\font\Crusty.ttf">
      <Filter>assets\font</Filter>
    </Font>
    <Font Include="assets\font\font1.otf">
      <Filter>assets\font</Filter>
    </Font>
    <Font Include="assets\font\font1.ttf">
      <Filter>assets\font</Filter>
    </Font>
    <Font Include="assets\font\font2.ttf">
      <Filter>assets\font</Filter>
    </Font>
  </ItemGroup>
  <ItemGroup>
    <Media Include="assets\sounds\meow3.wav">
      <Filter>assets\sounds</Filter>
    </Media>
    <Media Include="assets\sounds\meow4.wav">
      <Filter>assets\sounds</Filter>
    </Media>
    <Media Include="assets\sounds\meow2.wav">
      <Filter>assets\sounds</Filter>
    </Media>
    <Media Include="assets\sounds\meow1.wav">
      <Filter>assets\sounds</Filter>
    </Media>
  </ItemGroup>
  <ItemGroup>
    <None Include="assets\areas\FrenchTickla.map">
      <Filter>assets\areas</Filter>
    </None>
    <None Include="assets\tilesets\StarterSet.tset">
      <Filter>assets\tilesets</Filter>
    </None>
  </ItemGroup>
  <ItemGroup>
    <ClInclude Include="core\Renderer.h">
      <Filter>Source Files\core</Filter>
    </ClInclude>
    <ClInclude Include="core\client.h">
      <Filter>Source Files\core</Filter>
    </ClInclude>
    <ClInclude Include="world\Map.h">
      <Filter>Source Files\world</Filter>
    </ClInclude>
    <ClInclude Include="world\MapMgr.h">
      <Filter>Source Files\world</Filter>
    </ClInclude>
    <ClInclude Include="world\Tile.h">
      <Filter>Source Files\world</Filter>
    </ClInclude>
    <ClInclude Include="world\Tileset.h">
      <Filter>Source Files\world</Filter>
    </ClInclude>
    <ClInclude Include="draw_objects\PlayerDraw.h">
      <Filter>Source Files\drawobjects</Filter>
    </ClInclude>
    <ClInclude Include="core\Game.h">
      <Filter>Source Files\core</Filter>
    </ClInclude>
  </ItemGroup>
</Project>